
Microsoft Visual Studio Solution File, Format Version 12.00
# Visual Studio 15
Project("{FAE04EC0-301F-11D3-BF4B-00C04F79EFBC}") = "Soul-s-Connection", "Assembly-CSharp.csproj", "{4BED668A-0D6D-8D56-86B3-E90265778521}"
EndProject
Global
	GlobalSection(SolutionConfigurationPlatforms) = preSolution
		Debug|Any CPU = Debug|Any CPU
		Release|Any CPU = Release|Any CPU
	EndGlobalSection
	GlobalSection(ProjectConfigurationPlatforms) = postSolution
		{4BED668A-0D6D-8D56-86B3-E90265778521}.Debug|Any CPU.ActiveCfg = Debug|Any CPU
		{4BED668A-0D6D-8D56-86B3-E90265778521}.Debug|Any CPU.Build.0 = Debug|Any CPU
		{4BED668A-0D6D-8D56-86B3-E90265778521}.Release|Any CPU.ActiveCfg = Release|Any CPU
		{4BED668A-0D6D-8D56-86B3-E90265778521}.Release|Any CPU.Build.0 = Release|Any CPU
	EndGlobalSection
	GlobalSection(SolutionProperties) = preSolution
		HideSolutionNode = FALSE
	EndGlobalSection
EndGlobal
